
Microsoft Visual Studio Solution File, Format Version 12.00
# Visual Studio Version 16
VisualStudioVersion = 16.0.29424.173
MinimumVisualStudioVersion = 10.0.40219.1
Project("{FAE04EC0-301F-11D3-BF4B-00C04F79EFBC}") = "KTP01", "KTP01\KTP01.csproj", "{965A2027-3CE9-4917-ABFE-79D1DAA79DB2}"
EndProject
Global
	GlobalSection(SolutionConfigurationPlatforms) = preSolution
		Debug|Any CPU = Debug|Any CPU
		Release|Any CPU = Release|Any CPU
	EndGlobalSection
	GlobalSection(ProjectConfigurationPlatforms) = postSolution
		{965A2027-3CE9-4917-ABFE-79D1DAA79DB2}.Debug|Any CPU.ActiveCfg = Debug|Any CPU
		{965A2027-3CE9-4917-ABFE-79D1DAA79DB2}.Debug|Any CPU.Build.0 = Debug|Any CPU
		{965A2027-3CE9-4917-ABFE-79D1DAA79DB2}.Release|Any CPU.ActiveCfg = Release|Any CPU
		{965A2027-3CE9-4917-ABFE-79D1DAA79DB2}.Release|Any CPU.Build.0 = Release|Any CPU
	EndGlobalSection
	GlobalSection(SolutionProperties) = preSolution
		HideSolutionNode = FALSE
	EndGlobalSection
	GlobalSection(ExtensibilityGlobals) = postSolution
		SolutionGuid = {F6BDBAEF-A1C3-4F3B-A8B6-68DA2A94D7F7}
	EndGlobalSection
EndGlobal
